
Microsoft Visual Studio Solution File, Format Version 11.00
# Visual Studio 2010
Project("{FAE04EC0-301F-11D3-BF4B-00C04F79EFBC}") = "com.rlabrecque.steamworks.net", "com.rlabrecque.steamworks.net.csproj", "{a6c7416d-8d45-cf68-0f71-c7976042f013}"
EndProject
Project("{FAE04EC0-301F-11D3-BF4B-00C04F79EFBC}") = "com.rlabrecque.steamworks.net.editor", "com.rlabrecque.steamworks.net.editor.csproj", "{e16c8a2d-f888-e355-cf2c-3ce2b56ad336}"
EndProject
Project("{FAE04EC0-301F-11D3-BF4B-00C04F79EFBC}") = "Assembly-CSharp", "Assembly-CSharp.csproj", "{4ac4cf17-7ada-d34a-180e-43236f40ae5b}"
EndProject
Global
	GlobalSection(SolutionConfigurationPlatforms) = preSolution
		Debug|Any CPU = Debug|Any CPU
	EndGlobalSection
	GlobalSection(ProjectConfigurationPlatforms) = postSolution
		{a6c7416d-8d45-cf68-0f71-c7976042f013}.Debug|Any CPU.ActiveCfg = Debug|Any CPU
		{a6c7416d-8d45-cf68-0f71-c7976042f013}.Debug|Any CPU.Build.0 = Debug|Any CPU
		{e16c8a2d-f888-e355-cf2c-3ce2b56ad336}.Debug|Any CPU.ActiveCfg = Debug|Any CPU
		{e16c8a2d-f888-e355-cf2c-3ce2b56ad336}.Debug|Any CPU.Build.0 = Debug|Any CPU
		{4ac4cf17-7ada-d34a-180e-43236f40ae5b}.Debug|Any CPU.ActiveCfg = Debug|Any CPU
		{4ac4cf17-7ada-d34a-180e-43236f40ae5b}.Debug|Any CPU.Build.0 = Debug|Any CPU
	EndGlobalSection
	GlobalSection(SolutionProperties) = preSolution
		HideSolutionNode = FALSE
	EndGlobalSection
EndGlobal
